
Microsoft Visual Studio Solution File, Format Version 12.00
# Visual Studio Version 17
VisualStudioVersion = 17.4.33110.190
MinimumVisualStudioVersion = 10.0.40219.1
Project("{FAE04EC0-301F-11D3-BF4B-00C04F79EFBC}") = "balta", "balta\balta.csproj", "{BDBD66E7-766D-4CBD-BB4D-C1D34A57D1A0}"
EndProject
Global
	GlobalSection(SolutionConfigurationPlatforms) = preSolution
		Debug|Any CPU = Debug|Any CPU
		Release|Any CPU = Release|Any CPU
	EndGlobalSection
	GlobalSection(ProjectConfigurationPlatforms) = postSolution
		{BDBD66E7-766D-4CBD-BB4D-C1D34A57D1A0}.Debug|Any CPU.ActiveCfg = Debug|Any CPU
		{BDBD66E7-766D-4CBD-BB4D-C1D34A57D1A0}.Debug|Any CPU.Build.0 = Debug|Any CPU
		{BDBD66E7-766D-4CBD-BB4D-C1D34A57D1A0}.Release|Any CPU.ActiveCfg = Release|Any CPU
		{BDBD66E7-766D-4CBD-BB4D-C1D34A57D1A0}.Release|Any CPU.Build.0 = Release|Any CPU
	EndGlobalSection
	GlobalSection(SolutionProperties) = preSolution
		HideSolutionNode = FALSE
	EndGlobalSection
	GlobalSection(ExtensibilityGlobals) = postSolution
		SolutionGuid = {B14C08BE-B510-45AC-862B-C51031962C2D}
	EndGlobalSection
EndGlobal
